
Microsoft Visual Studio Solution File, Format Version 12.00
# Visual Studio Version 17
VisualStudioVersion = 17.3.32721.290
MinimumVisualStudioVersion = 10.0.40219.1
Project("{FAE04EC0-301F-11D3-BF4B-00C04F79EFBC}") = "MouseTagProject", "MouseTagProject\MouseTagProject.csproj", "{63FCE601-7524-4D75-B991-11106AE54257}"
EndProject
Global
	GlobalSection(SolutionConfigurationPlatforms) = preSolution
		Debug|Any CPU = Debug|Any CPU
		Release|Any CPU = Release|Any CPU
	EndGlobalSection
	GlobalSection(ProjectConfigurationPlatforms) = postSolution
		{63FCE601-7524-4D75-B991-11106AE54257}.Debug|Any CPU.ActiveCfg = Debug|Any CPU
		{63FCE601-7524-4D75-B991-11106AE54257}.Debug|Any CPU.Build.0 = Debug|Any CPU
		{63FCE601-7524-4D75-B991-11106AE54257}.Release|Any CPU.ActiveCfg = Release|Any CPU
		{63FCE601-7524-4D75-B991-11106AE54257}.Release|Any CPU.Build.0 = Release|Any CPU
	EndGlobalSection
	GlobalSection(SolutionProperties) = preSolution
		HideSolutionNode = FALSE
	EndGlobalSection
	GlobalSection(ExtensibilityGlobals) = postSolution
		SolutionGuid = {330D4DB6-63A2-4D06-B042-E2FEDCD167B7}
	EndGlobalSection
EndGlobal
